
Microsoft Visual Studio Solution File, Format Version 12.00
# Visual Studio Version 17
VisualStudioVersion = 17.7.34031.279
MinimumVisualStudioVersion = 10.0.40219.1
Project("{FAE04EC0-301F-11D3-BF4B-00C04F79EFBC}") = "holaMundo", "holaMundo\holaMundo.csproj", "{62AC24C5-CEB2-439C-9401-5B6A63A035A2}"
EndProject
Global
	GlobalSection(SolutionConfigurationPlatforms) = preSolution
		Debug|Any CPU = Debug|Any CPU
		Release|Any CPU = Release|Any CPU
	EndGlobalSection
	GlobalSection(ProjectConfigurationPlatforms) = postSolution
		{62AC24C5-CEB2-439C-9401-5B6A63A035A2}.Debug|Any CPU.ActiveCfg = Debug|Any CPU
		{62AC24C5-CEB2-439C-9401-5B6A63A035A2}.Debug|Any CPU.Build.0 = Debug|Any CPU
		{62AC24C5-CEB2-439C-9401-5B6A63A035A2}.Release|Any CPU.ActiveCfg = Release|Any CPU
		{62AC24C5-CEB2-439C-9401-5B6A63A035A2}.Release|Any CPU.Build.0 = Release|Any CPU
	EndGlobalSection
	GlobalSection(SolutionProperties) = preSolution
		HideSolutionNode = FALSE
	EndGlobalSection
	GlobalSection(ExtensibilityGlobals) = postSolution
		SolutionGuid = {C09B588F-FAC0-49DB-AD54-A43219D3FF7A}
	EndGlobalSection
EndGlobal
