
Microsoft Visual Studio Solution File, Format Version 12.00
# Visual Studio Version 17
VisualStudioVersion = 17.7.34221.43
MinimumVisualStudioVersion = 10.0.40219.1
Project("{FAE04EC0-301F-11D3-BF4B-00C04F79EFBC}") = "apiRepasoVerdadera", "apiRepasoVerdadera\apiRepasoVerdadera.csproj", "{54761FEE-862F-416E-8878-BB0AD4BC184D}"
EndProject
Global
	GlobalSection(SolutionConfigurationPlatforms) = preSolution
		Debug|Any CPU = Debug|Any CPU
		Release|Any CPU = Release|Any CPU
	EndGlobalSection
	GlobalSection(ProjectConfigurationPlatforms) = postSolution
		{54761FEE-862F-416E-8878-BB0AD4BC184D}.Debug|Any CPU.ActiveCfg = Debug|Any CPU
		{54761FEE-862F-416E-8878-BB0AD4BC184D}.Debug|Any CPU.Build.0 = Debug|Any CPU
		{54761FEE-862F-416E-8878-BB0AD4BC184D}.Release|Any CPU.ActiveCfg = Release|Any CPU
		{54761FEE-862F-416E-8878-BB0AD4BC184D}.Release|Any CPU.Build.0 = Release|Any CPU
	EndGlobalSection
	GlobalSection(SolutionProperties) = preSolution
		HideSolutionNode = FALSE
	EndGlobalSection
	GlobalSection(ExtensibilityGlobals) = postSolution
		SolutionGuid = {ED2C5EA7-8BD0-4639-804D-42C60CA17303}
	EndGlobalSection
EndGlobal
