
Microsoft Visual Studio Solution File, Format Version 12.00
# Visual Studio Version 17
VisualStudioVersion = 17.7.34221.43
MinimumVisualStudioVersion = 10.0.40219.1
Project("{FAE04EC0-301F-11D3-BF4B-00C04F79EFBC}") = "ApiWebUltimoDia", "ApiWebUltimoDia\ApiWebUltimoDia.csproj", "{3784282A-EA42-4462-A45F-A9D191C7C4E2}"
EndProject
Global
	GlobalSection(SolutionConfigurationPlatforms) = preSolution
		Debug|Any CPU = Debug|Any CPU
		Release|Any CPU = Release|Any CPU
	EndGlobalSection
	GlobalSection(ProjectConfigurationPlatforms) = postSolution
		{3784282A-EA42-4462-A45F-A9D191C7C4E2}.Debug|Any CPU.ActiveCfg = Debug|Any CPU
		{3784282A-EA42-4462-A45F-A9D191C7C4E2}.Debug|Any CPU.Build.0 = Debug|Any CPU
		{3784282A-EA42-4462-A45F-A9D191C7C4E2}.Release|Any CPU.ActiveCfg = Release|Any CPU
		{3784282A-EA42-4462-A45F-A9D191C7C4E2}.Release|Any CPU.Build.0 = Release|Any CPU
	EndGlobalSection
	GlobalSection(SolutionProperties) = preSolution
		HideSolutionNode = FALSE
	EndGlobalSection
	GlobalSection(ExtensibilityGlobals) = postSolution
		SolutionGuid = {47D8A0C6-C82D-4E0C-8668-0929000511C1}
	EndGlobalSection
EndGlobal
