
Microsoft Visual Studio Solution File, Format Version 12.00
# Visual Studio Version 17
VisualStudioVersion = 17.7.34221.43
MinimumVisualStudioVersion = 10.0.40219.1
Project("{FAE04EC0-301F-11D3-BF4B-00C04F79EFBC}") = "AppClienteWindowsDemo1", "AppClienteWindowsDemo1\AppClienteWindowsDemo1.csproj", "{036DB756-A3E7-4664-83AE-F65711CB0B90}"
EndProject
Global
	GlobalSection(SolutionConfigurationPlatforms) = preSolution
		Debug|Any CPU = Debug|Any CPU
		Release|Any CPU = Release|Any CPU
	EndGlobalSection
	GlobalSection(ProjectConfigurationPlatforms) = postSolution
		{036DB756-A3E7-4664-83AE-F65711CB0B90}.Debug|Any CPU.ActiveCfg = Debug|Any CPU
		{036DB756-A3E7-4664-83AE-F65711CB0B90}.Debug|Any CPU.Build.0 = Debug|Any CPU
		{036DB756-A3E7-4664-83AE-F65711CB0B90}.Release|Any CPU.ActiveCfg = Release|Any CPU
		{036DB756-A3E7-4664-83AE-F65711CB0B90}.Release|Any CPU.Build.0 = Release|Any CPU
	EndGlobalSection
	GlobalSection(SolutionProperties) = preSolution
		HideSolutionNode = FALSE
	EndGlobalSection
	GlobalSection(ExtensibilityGlobals) = postSolution
		SolutionGuid = {7A8A8903-E32C-4E66-98B4-B7BDE04260A2}
	EndGlobalSection
EndGlobal
