
Microsoft Visual Studio Solution File, Format Version 12.00
# Visual Studio Version 17
VisualStudioVersion = 17.7.34221.43
MinimumVisualStudioVersion = 10.0.40219.1
Project("{FAE04EC0-301F-11D3-BF4B-00C04F79EFBC}") = "Repaso", "Repaso\Repaso.csproj", "{EC2B2865-6B03-4C8F-97F9-CAE7C0380C26}"
EndProject
Global
	GlobalSection(SolutionConfigurationPlatforms) = preSolution
		Debug|Any CPU = Debug|Any CPU
		Release|Any CPU = Release|Any CPU
	EndGlobalSection
	GlobalSection(ProjectConfigurationPlatforms) = postSolution
		{EC2B2865-6B03-4C8F-97F9-CAE7C0380C26}.Debug|Any CPU.ActiveCfg = Debug|Any CPU
		{EC2B2865-6B03-4C8F-97F9-CAE7C0380C26}.Debug|Any CPU.Build.0 = Debug|Any CPU
		{EC2B2865-6B03-4C8F-97F9-CAE7C0380C26}.Release|Any CPU.ActiveCfg = Release|Any CPU
		{EC2B2865-6B03-4C8F-97F9-CAE7C0380C26}.Release|Any CPU.Build.0 = Release|Any CPU
	EndGlobalSection
	GlobalSection(SolutionProperties) = preSolution
		HideSolutionNode = FALSE
	EndGlobalSection
	GlobalSection(ExtensibilityGlobals) = postSolution
		SolutionGuid = {09EAF96D-EAA7-47D2-990F-242B4AC055DE}
	EndGlobalSection
EndGlobal
