
Microsoft Visual Studio Solution File, Format Version 12.00
# Visual Studio Version 17
VisualStudioVersion = 17.7.34031.279
MinimumVisualStudioVersion = 10.0.40219.1
Project("{FAE04EC0-301F-11D3-BF4B-00C04F79EFBC}") = "demoBasicCode", "demoBasicCode\demoBasicCode.csproj", "{9C9CEC31-D1CA-4020-B2AF-2CF57F88FB66}"
EndProject
Global
	GlobalSection(SolutionConfigurationPlatforms) = preSolution
		Debug|Any CPU = Debug|Any CPU
		Release|Any CPU = Release|Any CPU
	EndGlobalSection
	GlobalSection(ProjectConfigurationPlatforms) = postSolution
		{9C9CEC31-D1CA-4020-B2AF-2CF57F88FB66}.Debug|Any CPU.ActiveCfg = Debug|Any CPU
		{9C9CEC31-D1CA-4020-B2AF-2CF57F88FB66}.Debug|Any CPU.Build.0 = Debug|Any CPU
		{9C9CEC31-D1CA-4020-B2AF-2CF57F88FB66}.Release|Any CPU.ActiveCfg = Release|Any CPU
		{9C9CEC31-D1CA-4020-B2AF-2CF57F88FB66}.Release|Any CPU.Build.0 = Release|Any CPU
	EndGlobalSection
	GlobalSection(SolutionProperties) = preSolution
		HideSolutionNode = FALSE
	EndGlobalSection
	GlobalSection(ExtensibilityGlobals) = postSolution
		SolutionGuid = {14E3A7BB-0B28-4EA9-B9BC-EC866334573C}
	EndGlobalSection
EndGlobal
