
Microsoft Visual Studio Solution File, Format Version 12.00
# Visual Studio Version 17
VisualStudioVersion = 17.7.34221.43
MinimumVisualStudioVersion = 10.0.40219.1
Project("{FAE04EC0-301F-11D3-BF4B-00C04F79EFBC}") = "apiWeb", "apiWeb\apiWeb.csproj", "{2E486134-379A-40E9-BAFB-7D863CD6354B}"
EndProject
Global
	GlobalSection(SolutionConfigurationPlatforms) = preSolution
		Debug|Any CPU = Debug|Any CPU
		Release|Any CPU = Release|Any CPU
	EndGlobalSection
	GlobalSection(ProjectConfigurationPlatforms) = postSolution
		{2E486134-379A-40E9-BAFB-7D863CD6354B}.Debug|Any CPU.ActiveCfg = Debug|Any CPU
		{2E486134-379A-40E9-BAFB-7D863CD6354B}.Debug|Any CPU.Build.0 = Debug|Any CPU
		{2E486134-379A-40E9-BAFB-7D863CD6354B}.Release|Any CPU.ActiveCfg = Release|Any CPU
		{2E486134-379A-40E9-BAFB-7D863CD6354B}.Release|Any CPU.Build.0 = Release|Any CPU
	EndGlobalSection
	GlobalSection(SolutionProperties) = preSolution
		HideSolutionNode = FALSE
	EndGlobalSection
	GlobalSection(ExtensibilityGlobals) = postSolution
		SolutionGuid = {F5135861-5C3E-4EB7-942E-C87BF68D8175}
	EndGlobalSection
EndGlobal
